
Microsoft Visual Studio Solution File, Format Version 12.00
# Visual Studio Version 16
VisualStudioVersion = 16.0.31702.278
MinimumVisualStudioVersion = 10.0.40219.1
Project("{8BC9CEB8-8B4A-11D0-8D11-00A0C91BC942}") = "PASSWORD_MANAGER", "PASSWORD_MANAGER\PASSWORD_MANAGER.vcxproj", "{3CC5F31E-83DD-4A92-8F5F-B922BC64E0A0}"
EndProject
Project("{8BC9CEB8-8B4A-11D0-8D11-00A0C91BC942}") = "PasswordManager.UnitTests", "PasswordManager.UnitTests\PasswordManager.UnitTests.vcxproj", "{D88F8664-5645-43D9-AA9B-574B9B73791D}"
EndProject
Global
	GlobalSection(SolutionConfigurationPlatforms) = preSolution
		Debug|x64 = Debug|x64
		Debug|x86 = Debug|x86
		Release|x64 = Release|x64
		Release|x86 = Release|x86
	EndGlobalSection
	GlobalSection(ProjectConfigurationPlatforms) = postSolution
		{3CC5F31E-83DD-4A92-8F5F-B922BC64E0A0}.Debug|x64.ActiveCfg = Debug|x64
		{3CC5F31E-83DD-4A92-8F5F-B922BC64E0A0}.Debug|x64.Build.0 = Debug|x64
		{3CC5F31E-83DD-4A92-8F5F-B922BC64E0A0}.Debug|x86.ActiveCfg = Debug|Win32
		{3CC5F31E-83DD-4A92-8F5F-B922BC64E0A0}.Debug|x86.Build.0 = Debug|Win32
		{3CC5F31E-83DD-4A92-8F5F-B922BC64E0A0}.Release|x64.ActiveCfg = Release|x64
		{3CC5F31E-83DD-4A92-8F5F-B922BC64E0A0}.Release|x64.Build.0 = Release|x64
		{3CC5F31E-83DD-4A92-8F5F-B922BC64E0A0}.Release|x86.ActiveCfg = Release|Win32
		{3CC5F31E-83DD-4A92-8F5F-B922BC64E0A0}.Release|x86.Build.0 = Release|Win32
		{D88F8664-5645-43D9-AA9B-574B9B73791D}.Debug|x64.ActiveCfg = Debug|x64
		{D88F8664-5645-43D9-AA9B-574B9B73791D}.Debug|x64.Build.0 = Debug|x64
		{D88F8664-5645-43D9-AA9B-574B9B73791D}.Debug|x86.ActiveCfg = Debug|Win32
		{D88F8664-5645-43D9-AA9B-574B9B73791D}.Debug|x86.Build.0 = Debug|Win32
		{D88F8664-5645-43D9-AA9B-574B9B73791D}.Release|x64.ActiveCfg = Release|x64
		{D88F8664-5645-43D9-AA9B-574B9B73791D}.Release|x64.Build.0 = Release|x64
		{D88F8664-5645-43D9-AA9B-574B9B73791D}.Release|x86.ActiveCfg = Release|Win32
		{D88F8664-5645-43D9-AA9B-574B9B73791D}.Release|x86.Build.0 = Release|Win32
	EndGlobalSection
	GlobalSection(SolutionProperties) = preSolution
		HideSolutionNode = FALSE
	EndGlobalSection
	GlobalSection(ExtensibilityGlobals) = postSolution
		SolutionGuid = {7D785E1F-B016-4557-930E-07D675AD0D14}
	EndGlobalSection
EndGlobal
